# THIS IS AN AUTOGENERATED FILE. DO NOT EDIT THIS FILE DIRECTLY.
# yarn lockfile v1


align-text@^0.1.1, align-text@^0.1.3:
  version "0.1.4"
  resolved "https://registry.yarnpkg.com/align-text/-/align-text-0.1.4.tgz#0cd90a561093f35d0a99256c22b7069433fad117"
  dependencies:
    kind-of "^3.0.2"
    longest "^1.0.1"
    repeat-string "^1.5.2"

amdefine@>=0.0.4:
  version "1.0.1"
  resolved "https://registry.yarnpkg.com/amdefine/-/amdefine-1.0.1.tgz#4a5282ac164729e93619bcfd3ad151f817ce91f5"

annon@^0.12.0:
  version "0.12.0"
  resolved "https://registry.yarnpkg.com/annon/-/annon-0.12.0.tgz#a304ab18c2959c0825d14f2d3673e60e64708895"
  dependencies:
    babel-runtime "^6.25.0"
    falzy "^0.23.0"
    fnamed "^0.14.0"
    protype "^0.24.0"

arid@^0.30.0:
  version "0.30.0"
  resolved "https://registry.yarnpkg.com/arid/-/arid-0.30.0.tgz#a0f3216387e82d8b7d7c978e1bf184573646e303"
  dependencies:
    arkount "^0.12.0"
    babel-runtime "^6.23.0"

arkount@^0.12.0:
  version "0.12.0"
  resolved "https://registry.yarnpkg.com/arkount/-/arkount-0.12.0.tgz#d06adbbb1e0d01a01da7ab488b7d2b846d936f58"
  dependencies:
    babel-runtime "^6.23.0"
    raze "^0.34.0"
    truly "^0.20.0"

asea@^0.16.0:
  version "0.16.0"
  resolved "https://registry.yarnpkg.com/asea/-/asea-0.16.0.tgz#f4360f825d03eb96c606f3b863df722f6399a2f0"
  dependencies:
    babel-runtime "^6.23.0"
    harden "^0.23.0"

async@^1.4.0:
  version "1.5.2"
  resolved "https://registry.yarnpkg.com/async/-/async-1.5.2.tgz#ec6a61ae56480c0c3cb241c95618e20892f9672a"

babel-runtime@^6.23.0, babel-runtime@^6.25.0, babel-runtime@^6.26.0:
  version "6.26.0"
  resolved "https://registry.yarnpkg.com/babel-runtime/-/babel-runtime-6.26.0.tgz#965c7058668e82b55d7bfe04ff2337bc8b5647fe"
  dependencies:
    core-js "^2.4.0"
    regenerator-runtime "^0.11.0"

blon@^0.4.0:
  version "0.4.0"
  resolved "https://registry.yarnpkg.com/blon/-/blon-0.4.0.tgz#568cbf3c10d579bf09dcffc0b785185d5c8d9e07"
  dependencies:
    babel-runtime "^6.25.0"
    ehm "^0.21.0"
    harden "^0.23.0"

bse@^0.0.0:
  version "0.0.0"
  resolved "https://registry.yarnpkg.com/bse/-/bse-0.0.0.tgz#46ade22706da25a2c0afd2de8fe8d5797642a035"
  dependencies:
    babel-runtime "^6.25.0"
    falzy "^0.23.0"

burne@^0.6.0:
  version "0.6.0"
  resolved "https://registry.yarnpkg.com/burne/-/burne-0.6.0.tgz#44df82a219d52bbbf14a2b71a376e0f934e986c6"
  dependencies:
    babel-runtime "^6.25.0"
    falzy "^0.23.0"
    impel "^0.18.0"
    mrkd "^0.11.0"
    protype "^0.24.0"
    transyl "^0.4.0"
    wichevr "^0.14.0"
    xcavate "^0.4.0"
    zelf "^0.14.0"

cald@^0.6.0:
  version "0.6.0"
  resolved "https://registry.yarnpkg.com/cald/-/cald-0.6.0.tgz#423b9151ee6891a15224981cb48105ff1a68d909"
  dependencies:
    babel-runtime "^6.23.0"
    shft "^0.5.0"
    wichevr "^0.14.0"
    zelf "^0.14.0"

camelcase@^1.0.2:
  version "1.2.1"
  resolved "https://registry.yarnpkg.com/camelcase/-/camelcase-1.2.1.tgz#9bb5304d2e0b56698b2c758b08a3eaa9daa58a39"

cemento@^0.17.0:
  version "0.17.0"
  resolved "https://registry.yarnpkg.com/cemento/-/cemento-0.17.0.tgz#1518e17497e3cf1c46e4c13d1a25a3fc08768691"
  dependencies:
    babel-runtime "^6.23.0"
    harden "^0.23.0"
    kount "^0.12.0"

center-align@^0.1.1:
  version "0.1.3"
  resolved "https://registry.yarnpkg.com/center-align/-/center-align-0.1.3.tgz#aa0d32629b6ee972200411cbd4461c907bc2b7ad"
  dependencies:
    align-text "^0.1.3"
    lazy-cache "^1.0.3"

clazof@^0.36.0:
  version "0.36.0"
  resolved "https://registry.yarnpkg.com/clazof/-/clazof-0.36.0.tgz#e04ac8deec7f5216ff58efccbf7cbeeac0762683"
  dependencies:
    annon "^0.12.0"
    babel-runtime "^6.25.0"
    falzy "^0.23.0"
    fname "^0.13.0"
    portel "^0.6.0"
    protype "^0.24.0"
    raze "^0.34.0"
    stringe "^0.5.0"
    wauker "^0.21.0"

cliui@^2.1.0:
  version "2.1.0"
  resolved "https://registry.yarnpkg.com/cliui/-/cliui-2.1.0.tgz#4b475760ff80264c762c3a1719032e91c7fea0d1"
  dependencies:
    center-align "^0.1.1"
    right-align "^0.1.1"
    wordwrap "0.0.2"

condev@^0.20.0:
  version "0.20.0"
  resolved "https://registry.yarnpkg.com/condev/-/condev-0.20.0.tgz#ef36834e793d962a317ed96c3a352cac4cfe2d4e"
  dependencies:
    annon "^0.12.0"
    babel-runtime "^6.25.0"
    cald "^0.6.0"
    clazof "^0.36.0"
    doubt "^0.34.0"
    enyof "^0.11.0"
    eqe "^0.5.0"
    falzy "^0.23.0"
    fnamed "^0.14.0"
    raze "^0.34.0"
    truly "^0.20.0"
    zelf "^0.14.0"

core-js@^2.4.0:
  version "2.5.1"
  resolved "https://registry.yarnpkg.com/core-js/-/core-js-2.5.1.tgz#ae6874dc66937789b80754ff5428df66819ca50b"

decamelize@^1.0.0:
  version "1.2.0"
  resolved "https://registry.yarnpkg.com/decamelize/-/decamelize-1.2.0.tgz#f6534d15148269b20352e7bee26f501f9a191290"

decrease@^0.27.0:
  version "0.27.0"
  resolved "https://registry.yarnpkg.com/decrease/-/decrease-0.27.0.tgz#073e219b9244de02967bf8b26afcd5b5ffec779d"
  dependencies:
    babel-runtime "^6.23.0"
    doubt "^0.34.0"
    falzy "^0.23.0"
    raze "^0.34.0"
    truly "^0.20.0"

dephall@^0.37.0:
  version "0.37.0"
  resolved "https://registry.yarnpkg.com/dephall/-/dephall-0.37.0.tgz#057d210e43ca28a6bd05b4fe3269b56b741db30f"
  dependencies:
    arid "^0.30.0"
    babel-runtime "^6.25.0"
    pyck "^0.38.0"
    shft "^0.5.0"
    truly "^0.20.0"
    zelf "^0.14.0"

depher@^0.38.0:
  version "0.38.0"
  resolved "https://registry.yarnpkg.com/depher/-/depher-0.38.0.tgz#611c18d01f9aca47443ab1a1f1cb49aa2e1fc50c"
  dependencies:
    babel-runtime "^6.25.0"
    dephall "^0.37.0"
    raze "^0.34.0"
    zelf "^0.14.0"

diatom@^0.34.0:
  version "0.34.0"
  resolved "https://registry.yarnpkg.com/diatom/-/diatom-0.34.0.tgz#68e4eaa64b542d7190fc2be70b31f17e3790134b"
  dependencies:
    arid "^0.30.0"
    babel-runtime "^6.25.0"
    burne "^0.6.0"
    falzy "^0.23.0"
    komento "^0.33.0"
    llamalize "^0.17.0"
    shft "^0.5.0"

disdo@^0.17.0:
  version "0.17.0"
  resolved "https://registry.yarnpkg.com/disdo/-/disdo-0.17.0.tgz#70f0b6809028d70e24227eb778715938c83985e8"
  dependencies:
    babel-runtime "^6.25.0"
    falzy "^0.23.0"

doubt@^0.34.0:
  version "0.34.0"
  resolved "https://registry.yarnpkg.com/doubt/-/doubt-0.34.0.tgz#beb094c9de111b5ad2a26d274eb83348386d7ef1"
  dependencies:
    babel-runtime "^6.23.0"
    cemento "^0.17.0"
    falzy "^0.23.0"
    harden "^0.23.0"
    stringe "^0.5.0"
    truly "^0.20.0"

een@^0.23.0:
  version "0.23.0"
  resolved "https://registry.yarnpkg.com/een/-/een-0.23.0.tgz#ce62f17e69ec672e233f5ace45b34d256a1e506e"
  dependencies:
    babel-runtime "^6.23.0"
    eqe "^0.5.0"
    raze "^0.34.0"
    truly "^0.20.0"

ehm@^0.21.0:
  version "0.21.0"
  resolved "https://registry.yarnpkg.com/ehm/-/ehm-0.21.0.tgz#2c7dd0d55355a48fe9f4a7327915bed00d19e781"
  dependencies:
    babel-runtime "^6.25.0"
    harden "^0.23.0"
    sxty4 "^0.11.0"

enyof@^0.11.0:
  version "0.11.0"
  resolved "https://registry.yarnpkg.com/enyof/-/enyof-0.11.0.tgz#3113b102ed47bf455283c2b6c80e6000ef074d7a"
  dependencies:
    babel-runtime "^6.25.0"
    eqe "^0.5.0"
    plough "^0.29.0"
    shft "^0.5.0"

eqe@^0.5.0:
  version "0.5.0"
  resolved "https://registry.yarnpkg.com/eqe/-/eqe-0.5.0.tgz#be8cecd3270dc2a871c20f068f63e9188b09317b"
  dependencies:
    babel-runtime "^6.23.0"
    nafe "^0.5.0"
    stringe "^0.5.0"

falzy@^0.23.0:
  version "0.23.0"
  resolved "https://registry.yarnpkg.com/falzy/-/falzy-0.23.0.tgz#fec52a7df6e80adaf47bb89d47ca5a714566b664"
  dependencies:
    babel-runtime "^6.23.0"

fname@^0.13.0:
  version "0.13.0"
  resolved "https://registry.yarnpkg.com/fname/-/fname-0.13.0.tgz#48ac7cdf3e2f3141d42947161dd517ccf7af56db"
  dependencies:
    babel-runtime "^6.23.0"
    falzy "^0.23.0"
    mtch "^0.6.0"
    nmde "^0.5.0"

fnamed@^0.14.0:
  version "0.14.0"
  resolved "https://registry.yarnpkg.com/fnamed/-/fnamed-0.14.0.tgz#dec9d75a97b406c74a128a6a2642a213422f934b"
  dependencies:
    babel-runtime "^6.25.0"
    falzy "^0.23.0"
    fname "^0.13.0"
    protype "^0.24.0"
    truly "^0.20.0"

fno@^0.5.0:
  version "0.5.0"
  resolved "https://registry.yarnpkg.com/fno/-/fno-0.5.0.tgz#ed9796cbd6c5fde06e353efc457b37402755b971"
  dependencies:
    babel-runtime "^6.25.0"
    ehm "^0.21.0"
    harden "^0.23.0"

glyo@^0.6.0:
  version "0.6.0"
  resolved "https://registry.yarnpkg.com/glyo/-/glyo-0.6.0.tgz#dd3276167805847e0db4bbb3bd4ab028f3cdce18"
  dependencies:
    babel-runtime "^6.25.0"
    ehm "^0.21.0"
    harden "^0.23.0"

handlebars@^4.0.10:
  version "4.0.10"
  resolved "https://registry.yarnpkg.com/handlebars/-/handlebars-4.0.10.tgz#3d30c718b09a3d96f23ea4cc1f403c4d3ba9ff4f"
  dependencies:
    async "^1.4.0"
    optimist "^0.6.1"
    source-map "^0.4.4"
  optionalDependencies:
    uglify-js "^2.6"

harden@^0.23.0:
  version "0.23.0"
  resolved "https://registry.yarnpkg.com/harden/-/harden-0.23.0.tgz#cfe6aaa2f30ad4b27d87fb3fe4a4090fca880b33"
  dependencies:
    babel-runtime "^6.23.0"

impel@^0.18.0:
  version "0.18.0"
  resolved "https://registry.yarnpkg.com/impel/-/impel-0.18.0.tgz#709f3789af458c37194e170fac2287e557bdd038"
  dependencies:
    babel-runtime "^6.25.0"
    falzy "^0.23.0"
    protype "^0.24.0"
    wichevr "^0.14.0"
    zelf "^0.14.0"

is-buffer@^1.1.5:
  version "1.1.5"
  resolved "https://registry.yarnpkg.com/is-buffer/-/is-buffer-1.1.5.tgz#1f3b26ef613b214b88cbca23cc6c01d87961eecc"

kein@^0.30.0:
  version "0.30.0"
  resolved "https://registry.yarnpkg.com/kein/-/kein-0.30.0.tgz#4836193d902167fd9c6ee6572b12c36f550cc00b"
  dependencies:
    babel-runtime "^6.25.0"
    falzy "^0.23.0"
    fnamed "^0.14.0"
    portel "^0.6.0"
    protype "^0.24.0"
    zelf "^0.14.0"

kind-of@^3.0.2:
  version "3.2.2"
  resolved "https://registry.yarnpkg.com/kind-of/-/kind-of-3.2.2.tgz#31ea21a734bab9bbb0f32466d893aea51e4a3c64"
  dependencies:
    is-buffer "^1.1.5"

komento@^0.33.0:
  version "0.33.0"
  resolved "https://registry.yarnpkg.com/komento/-/komento-0.33.0.tgz#7e950636467bdbd13cfda1c14ab610b8629546cd"
  dependencies:
    babel-runtime "^6.25.0"
    depher "^0.38.0"
    falzy "^0.23.0"
    handlebars "^4.0.10"
    protype "^0.24.0"
    realign "^0.19.0"
    stringe "^0.5.0"
    stuffed "^0.27.0"
    truly "^0.20.0"
    wichevr "^0.14.0"

kount@^0.12.0:
  version "0.12.0"
  resolved "https://registry.yarnpkg.com/kount/-/kount-0.12.0.tgz#bc68c0c931b171383d846ede48e20c478af6a58d"
  dependencies:
    babel-runtime "^6.23.0"

lazy-cache@^1.0.3:
  version "1.0.4"
  resolved "https://registry.yarnpkg.com/lazy-cache/-/lazy-cache-1.0.4.tgz#a1d78fc3a50474cb80845d3b3b6e1da49a446e8e"

llamalize@^0.17.0:
  version "0.17.0"
  resolved "https://registry.yarnpkg.com/llamalize/-/llamalize-0.17.0.tgz#f78d978833c4f070099cc5dd1fe22cf03fd15d89"
  dependencies:
    babel-runtime "^6.25.0"
    falzy "^0.23.0"
    titlelize "^0.18.0"

longest@^1.0.1:
  version "1.0.1"
  resolved "https://registry.yarnpkg.com/longest/-/longest-1.0.1.tgz#30a0b2da38f73770e8294a0d22e6625ed77d0097"

minimist@~0.0.1:
  version "0.0.10"
  resolved "https://registry.yarnpkg.com/minimist/-/minimist-0.0.10.tgz#de3f98543dbf96082be48ad1a0c7cda836301dcf"

mrkd@^0.11.0:
  version "0.11.0"
  resolved "https://registry.yarnpkg.com/mrkd/-/mrkd-0.11.0.tgz#c0bed40fa65585af8a9c23b4a2cd8601c97091a8"
  dependencies:
    babel-runtime "^6.25.0"
    depher "^0.38.0"
    falzy "^0.23.0"
    kein "^0.30.0"
    protype "^0.24.0"
    raze "^0.34.0"
    xcavate "^0.4.0"
    zelf "^0.14.0"

mtch@^0.6.0:
  version "0.6.0"
  resolved "https://registry.yarnpkg.com/mtch/-/mtch-0.6.0.tgz#3d899466fe39b4178cfe131f24836a225851833c"
  dependencies:
    babel-runtime "^6.23.0"
    falzy "^0.23.0"
    raze "^0.34.0"
    stringe "^0.5.0"
    truly "^0.20.0"

nafe@^0.5.0:
  version "0.5.0"
  resolved "https://registry.yarnpkg.com/nafe/-/nafe-0.5.0.tgz#9e4ec8c420868d52fa1126cba8cc91aef20bc101"
  dependencies:
    babel-runtime "^6.23.0"
    falzy "^0.23.0"
    stringe "^0.5.0"

ndfo@^0.8.0:
  version "0.8.0"
  resolved "https://registry.yarnpkg.com/ndfo/-/ndfo-0.8.0.tgz#d3881610cedc8459ed51b9945e91d8e915bfbc14"
  dependencies:
    babel-runtime "^6.25.0"
    ehm "^0.21.0"
    harden "^0.23.0"

nmde@^0.5.0:
  version "0.5.0"
  resolved "https://registry.yarnpkg.com/nmde/-/nmde-0.5.0.tgz#9c39debf8bc44ea3e86add443b0915d72915feae"
  dependencies:
    babel-runtime "^6.23.0"
    falzy "^0.23.0"
    truly "^0.20.0"

nol@^0.10.0:
  version "0.10.0"
  resolved "https://registry.yarnpkg.com/nol/-/nol-0.10.0.tgz#bb9b21f1843a00dde04edecf4e07e875d472633a"
  dependencies:
    babel-runtime "^6.25.0"
    ehm "^0.21.0"
    harden "^0.23.0"

numo@^0.3.0:
  version "0.3.0"
  resolved "https://registry.yarnpkg.com/numo/-/numo-0.3.0.tgz#846f4abdeac7052fe13a440431962d3ceaacd468"
  dependencies:
    babel-runtime "^6.25.0"
    ehm "^0.21.0"
    harden "^0.23.0"

objo@^0.1.0:
  version "0.1.0"
  resolved "https://registry.yarnpkg.com/objo/-/objo-0.1.0.tgz#cda8d080fc9cab4abc88953bc9f33c2713ee1671"
  dependencies:
    babel-runtime "^6.25.0"
    blon "^0.4.0"
    ehm "^0.21.0"
    fno "^0.5.0"
    glyo "^0.6.0"
    harden "^0.23.0"
    ndfo "^0.8.0"
    nol "^0.10.0"
    numo "^0.3.0"
    stro "^0.4.0"
    sxty4 "^0.11.0"

optall@^0.28.0:
  version "0.28.0"
  resolved "https://registry.yarnpkg.com/optall/-/optall-0.28.0.tgz#6b289b9960db6f602a8d89a0de57774aee5e3460"
  dependencies:
    babel-runtime "^6.25.0"
    doubt "^0.34.0"
    pyck "^0.38.0"
    zelf "^0.14.0"

optfor@^0.33.0:
  version "0.33.0"
  resolved "https://registry.yarnpkg.com/optfor/-/optfor-0.33.0.tgz#acd11648d48b6b2ae01b4a089f6ded1e026d423b"
  dependencies:
    babel-runtime "^6.25.0"
    doubt "^0.34.0"
    optall "^0.28.0"
    zelf "^0.14.0"

optimist@^0.6.1:
  version "0.6.1"
  resolved "https://registry.yarnpkg.com/optimist/-/optimist-0.6.1.tgz#da3ea74686fa21a19a111c326e90eb15a0196686"
  dependencies:
    minimist "~0.0.1"
    wordwrap "~0.0.2"

plough@^0.29.0:
  version "0.29.0"
  resolved "https://registry.yarnpkg.com/plough/-/plough-0.29.0.tgz#29df1703803a54fb3df6a981b9465a12880b8074"
  dependencies:
    arid "^0.30.0"
    babel-runtime "^6.23.0"
    decrease "^0.27.0"
    doubt "^0.34.0"
    raze "^0.34.0"

portel@^0.6.0:
  version "0.6.0"
  resolved "https://registry.yarnpkg.com/portel/-/portel-0.6.0.tgz#9f25f2731330b145157d073a18c61f1f1ba1caf9"
  dependencies:
    babel-runtime "^6.25.0"
    blon "^0.4.0"
    ehm "^0.21.0"
    fno "^0.5.0"
    glyo "^0.6.0"
    harden "^0.23.0"
    ndfo "^0.8.0"
    nol "^0.10.0"
    numo "^0.3.0"
    objo "^0.1.0"
    protype "^0.24.0"
    stro "^0.4.0"

protype@^0.24.0:
  version "0.24.0"
  resolved "https://registry.yarnpkg.com/protype/-/protype-0.24.0.tgz#e30a9862ac768b66b9d0be57be88a4066a1697f1"
  dependencies:
    babel-runtime "^6.23.0"
    cemento "^0.17.0"
    harden "^0.23.0"

pyck@^0.38.0:
  version "0.38.0"
  resolved "https://registry.yarnpkg.com/pyck/-/pyck-0.38.0.tgz#d480c430f0d37e739d364c8352455ad6f473a457"
  dependencies:
    babel-runtime "^6.25.0"
    condev "^0.20.0"
    raze "^0.34.0"
    zelf "^0.14.0"

raze@^0.34.0:
  version "0.34.0"
  resolved "https://registry.yarnpkg.com/raze/-/raze-0.34.0.tgz#12200a3b84d46fdc81bd6ef3b38fdf3e9fff672b"
  dependencies:
    babel-runtime "^6.23.0"

realign@^0.19.0:
  version "0.19.0"
  resolved "https://registry.yarnpkg.com/realign/-/realign-0.19.0.tgz#5c9e431f6d1582dfe9e1f2b6c1853b2b5845f62a"
  dependencies:
    babel-runtime "^6.25.0"
    falzy "^0.23.0"
    truly "^0.20.0"
    wichevr "^0.14.0"

regenerator-runtime@^0.11.0:
  version "0.11.0"
  resolved "https://registry.yarnpkg.com/regenerator-runtime/-/regenerator-runtime-0.11.0.tgz#7e54fe5b5ccd5d6624ea6255c3473be090b802e1"

repeat-string@^1.5.2:
  version "1.6.1"
  resolved "https://registry.yarnpkg.com/repeat-string/-/repeat-string-1.6.1.tgz#8dcae470e1c88abc2d600fff4a776286da75e637"

right-align@^0.1.1:
  version "0.1.3"
  resolved "https://registry.yarnpkg.com/right-align/-/right-align-0.1.3.tgz#61339b722fe6a3515689210d24e14c96148613ef"
  dependencies:
    align-text "^0.1.1"

shft@^0.5.0:
  version "0.5.0"
  resolved "https://registry.yarnpkg.com/shft/-/shft-0.5.0.tgz#97273bf8db0cefeda048fe68fa7407f21a8e13a6"
  dependencies:
    arid "^0.30.0"
    babel-runtime "^6.23.0"
    raze "^0.34.0"

source-map@^0.4.4:
  version "0.4.4"
  resolved "https://registry.yarnpkg.com/source-map/-/source-map-0.4.4.tgz#eba4f5da9c0dc999de68032d8b4f76173652036b"
  dependencies:
    amdefine ">=0.0.4"

source-map@~0.5.1:
  version "0.5.7"
  resolved "https://registry.yarnpkg.com/source-map/-/source-map-0.5.7.tgz#8a039d2d1021d22d1ea14c80d8ea468ba2ef3fcc"

stringe@^0.5.0:
  version "0.5.0"
  resolved "https://registry.yarnpkg.com/stringe/-/stringe-0.5.0.tgz#7b2e25c7a652bb67dd2e573f203bb2a21d72e66d"
  dependencies:
    babel-runtime "^6.23.0"

stringe@^0.6.0:
  version "0.6.0"
  resolved "https://registry.yarnpkg.com/stringe/-/stringe-0.6.0.tgz#1b6d11dbaaa7999613669453b5ea4cdd5745c7c4"
  dependencies:
    babel-runtime "^6.26.0"

stro@^0.4.0:
  version "0.4.0"
  resolved "https://registry.yarnpkg.com/stro/-/stro-0.4.0.tgz#6e667ea88625c5b4148f9ba7e969e3f699e51feb"
  dependencies:
    babel-runtime "^6.25.0"
    ehm "^0.21.0"
    harden "^0.23.0"

stuffed@^0.27.0:
  version "0.27.0"
  resolved "https://registry.yarnpkg.com/stuffed/-/stuffed-0.27.0.tgz#a61337b2f236c503a1894b11a84301214c93fb45"
  dependencies:
    babel-runtime "^6.23.0"
    doubt "^0.34.0"
    kount "^0.12.0"
    truly "^0.20.0"

sxty4@^0.11.0:
  version "0.11.0"
  resolved "https://registry.yarnpkg.com/sxty4/-/sxty4-0.11.0.tgz#84eebb12c76c306a1a1813651c042442b9affa81"
  dependencies:
    babel-runtime "^6.25.0"
    bse "^0.0.0"
    falzy "^0.23.0"
    harden "^0.23.0"

titlelize@^0.18.0:
  version "0.18.0"
  resolved "https://registry.yarnpkg.com/titlelize/-/titlelize-0.18.0.tgz#ed4a4e5d7b983dcccac5172d25cc09776e73118b"
  dependencies:
    babel-runtime "^6.25.0"
    disdo "^0.17.0"
    falzy "^0.23.0"

transyl@^0.4.0:
  version "0.4.0"
  resolved "https://registry.yarnpkg.com/transyl/-/transyl-0.4.0.tgz#fa6be2ff84ccd397b2da31d545fbbe79aa0ba233"
  dependencies:
    babel-runtime "^6.25.0"
    falzy "^0.23.0"
    mtch "^0.6.0"
    plough "^0.29.0"
    protype "^0.24.0"
    shft "^0.5.0"
    wichevr "^0.14.0"

truly@^0.20.0:
  version "0.20.0"
  resolved "https://registry.yarnpkg.com/truly/-/truly-0.20.0.tgz#d751565112b9408b3ea007ea7919e900d2856992"
  dependencies:
    babel-runtime "^6.23.0"

uglify-js@^2.6:
  version "2.8.29"
  resolved "https://registry.yarnpkg.com/uglify-js/-/uglify-js-2.8.29.tgz#29c5733148057bb4e1f75df35b7a9cb72e6a59dd"
  dependencies:
    source-map "~0.5.1"
    yargs "~3.10.0"
  optionalDependencies:
    uglify-to-browserify "~1.0.0"

uglify-to-browserify@~1.0.0:
  version "1.0.2"
  resolved "https://registry.yarnpkg.com/uglify-to-browserify/-/uglify-to-browserify-1.0.2.tgz#6e0924d6bda6b5afe349e39a6d632850a0f882b7"

wauker@^0.21.0:
  version "0.21.0"
  resolved "https://registry.yarnpkg.com/wauker/-/wauker-0.21.0.tgz#e2f9d3e3166805551a235046448fcaa9181e937e"
  dependencies:
    babel-runtime "^6.23.0"
    een "^0.23.0"
    falzy "^0.23.0"
    fname "^0.13.0"

wichevr@^0.14.0:
  version "0.14.0"
  resolved "https://registry.yarnpkg.com/wichevr/-/wichevr-0.14.0.tgz#2671043bdfb281292042640d8d9dea3948052e28"
  dependencies:
    babel-runtime "^6.23.0"
    raze "^0.34.0"
    truly "^0.20.0"

window-size@0.1.0:
  version "0.1.0"
  resolved "https://registry.yarnpkg.com/window-size/-/window-size-0.1.0.tgz#5438cd2ea93b202efa3a19fe8887aee7c94f9c9d"

wordwrap@0.0.2:
  version "0.0.2"
  resolved "https://registry.yarnpkg.com/wordwrap/-/wordwrap-0.0.2.tgz#b79669bb42ecb409f83d583cad52ca17eaa1643f"

wordwrap@~0.0.2:
  version "0.0.3"
  resolved "https://registry.yarnpkg.com/wordwrap/-/wordwrap-0.0.3.tgz#a3d5da6cd5c0bc0008d37234bbaf1bed63059107"

xcavate@^0.4.0:
  version "0.4.0"
  resolved "https://registry.yarnpkg.com/xcavate/-/xcavate-0.4.0.tgz#1674b353bb7b2946a33892a30031daa319286c17"
  dependencies:
    babel-runtime "^6.25.0"
    falzy "^0.23.0"
    mtch "^0.6.0"
    protype "^0.24.0"

yargs@~3.10.0:
  version "3.10.0"
  resolved "https://registry.yarnpkg.com/yargs/-/yargs-3.10.0.tgz#f7ee7bd857dd7c1d2d38c0e74efbd681d1431fd1"
  dependencies:
    camelcase "^1.0.2"
    cliui "^2.1.0"
    decamelize "^1.0.0"
    window-size "0.1.0"

zelf@^0.14.0:
  version "0.14.0"
  resolved "https://registry.yarnpkg.com/zelf/-/zelf-0.14.0.tgz#e70aaf4f64d4b69958f557598ce7b16257e1b441"
  dependencies:
    asea "^0.16.0"
    babel-runtime "^6.23.0"
